
Microsoft Visual Studio Solution File, Format Version 12.00
# Visual Studio Version 16
VisualStudioVersion = 16.0.32002.261
MinimumVisualStudioVersion = 10.0.40219.1
Project("{8BC9CEB8-8B4A-11D0-8D11-00A0C91BC942}") = "Inicio de Sesion", "Inicio de Sesion\Inicio de Sesion.vcxproj", "{DE86342F-5425-4608-9170-7B25EBB36651}"
EndProject
Global
	GlobalSection(SolutionConfigurationPlatforms) = preSolution
		Debug|x64 = Debug|x64
		Debug|x86 = Debug|x86
		Release|x64 = Release|x64
		Release|x86 = Release|x86
	EndGlobalSection
	GlobalSection(ProjectConfigurationPlatforms) = postSolution
		{DE86342F-5425-4608-9170-7B25EBB36651}.Debug|x64.ActiveCfg = Debug|x64
		{DE86342F-5425-4608-9170-7B25EBB36651}.Debug|x64.Build.0 = Debug|x64
		{DE86342F-5425-4608-9170-7B25EBB36651}.Debug|x86.ActiveCfg = Debug|Win32
		{DE86342F-5425-4608-9170-7B25EBB36651}.Debug|x86.Build.0 = Debug|Win32
		{DE86342F-5425-4608-9170-7B25EBB36651}.Release|x64.ActiveCfg = Release|x64
		{DE86342F-5425-4608-9170-7B25EBB36651}.Release|x64.Build.0 = Release|x64
		{DE86342F-5425-4608-9170-7B25EBB36651}.Release|x86.ActiveCfg = Release|Win32
		{DE86342F-5425-4608-9170-7B25EBB36651}.Release|x86.Build.0 = Release|Win32
	EndGlobalSection
	GlobalSection(SolutionProperties) = preSolution
		HideSolutionNode = FALSE
	EndGlobalSection
	GlobalSection(ExtensibilityGlobals) = postSolution
		SolutionGuid = {70F229C9-5D57-4C9B-80A5-DBC4A5084EEE}
	EndGlobalSection
EndGlobal
